
Microsoft Visual Studio Solution File, Format Version 12.00
# Visual Studio Version 16
VisualStudioVersion = 16.0.30621.155
MinimumVisualStudioVersion = 10.0.40219.1
Project("{FAE04EC0-301F-11D3-BF4B-00C04F79EFBC}") = "EventLogger", "EventLogger\EventLogger.csproj", "{FD0BCC7C-61A2-4569-AF3E-38C0E1D4E20C}"
EndProject
Project("{FAE04EC0-301F-11D3-BF4B-00C04F79EFBC}") = "WPFComponent", "WPFComponent\WPFComponent.csproj", "{E64AC482-37E4-484E-8ED4-6DD9A879BBFB}"
EndProject
Global
	GlobalSection(SolutionConfigurationPlatforms) = preSolution
		Debug|Any CPU = Debug|Any CPU
		Release|Any CPU = Release|Any CPU
	EndGlobalSection
	GlobalSection(ProjectConfigurationPlatforms) = postSolution
		{FD0BCC7C-61A2-4569-AF3E-38C0E1D4E20C}.Debug|Any CPU.ActiveCfg = Debug|Any CPU
		{FD0BCC7C-61A2-4569-AF3E-38C0E1D4E20C}.Debug|Any CPU.Build.0 = Debug|Any CPU
		{FD0BCC7C-61A2-4569-AF3E-38C0E1D4E20C}.Release|Any CPU.ActiveCfg = Release|Any CPU
		{FD0BCC7C-61A2-4569-AF3E-38C0E1D4E20C}.Release|Any CPU.Build.0 = Release|Any CPU
		{E64AC482-37E4-484E-8ED4-6DD9A879BBFB}.Debug|Any CPU.ActiveCfg = Debug|Any CPU
		{E64AC482-37E4-484E-8ED4-6DD9A879BBFB}.Debug|Any CPU.Build.0 = Debug|Any CPU
		{E64AC482-37E4-484E-8ED4-6DD9A879BBFB}.Release|Any CPU.ActiveCfg = Release|Any CPU
		{E64AC482-37E4-484E-8ED4-6DD9A879BBFB}.Release|Any CPU.Build.0 = Release|Any CPU
	EndGlobalSection
	GlobalSection(SolutionProperties) = preSolution
		HideSolutionNode = FALSE
	EndGlobalSection
	GlobalSection(ExtensibilityGlobals) = postSolution
		SolutionGuid = {65C4C98D-0833-4F37-B78D-ACF3601A0231}
	EndGlobalSection
	GlobalSection(TeamFoundationVersionControl) = preSolution
		SccNumberOfProjects = 3
		SccEnterpriseProvider = {4CA58AB2-18FA-4F8D-95D4-32DDF27D184C}
		SccTeamFoundationServer = https://aa6112562.visualstudio.com/
		SccLocalPath0 = .
		SccProjectUniqueName1 = EventLogger\\EventLogger.csproj
		SccProjectName1 = EventLogger
		SccLocalPath1 = EventLogger
		SccProjectUniqueName2 = WPFComponent\\WPFComponent.csproj
		SccProjectName2 = WPFComponent
		SccLocalPath2 = WPFComponent
	EndGlobalSection
EndGlobal
